<?xml version="1.0" encoding="utf-8"?>
<Project ToolsVersion="4.0" xmlns="http://schemas.microsoft.com/developer/msbuild/2003">
  <ItemGroup>
    <Filter Include="Source Files">
      <UniqueIdentifier>{4FC737F1-C7A5-4376-A066-2A32D752A2FF}</UniqueIdentifier>
      <Extensions>cpp;c;cc;cxx;c++;cppm;ixx;def;odl;idl;hpj;bat;asm;asmx</Extensions>
    </Filter>
    <Filter Include="Basic ADTs">
      <UniqueIdentifier>{05132855-84d0-4160-a2dc-0646f1da1c75}</UniqueIdentifier>
    </Filter>
    <Filter Include="Scheduler">
      <UniqueIdentifier>{fb80e215-227d-4497-bdbc-8d7df2c8b54c}</UniqueIdentifier>
    </Filter>
    <Filter Include="UI &amp; DEFS">
      <UniqueIdentifier>{60723814-e0c1-49f1-a356-8b353d69d273}</UniqueIdentifier>
    </Filter>
    <Filter Include="CPUs &amp; Processes">
      <UniqueIdentifier>{93995380-89BD-4b04-88EB-625FBE52EBFB}</UniqueIdentifier>
      <Extensions>h;hh;hpp;hxx;h++;hm;inl;inc;ipp;xsd</Extensions>
    </Filter>
  </ItemGroup>
  <ItemGroup>
    <ClInclude Include="Components\Process.h">
      <Filter>CPUs &amp; Processes</Filter>
    </ClInclude>
    <ClInclude Include="Components\Processor.h">
      <Filter>CPUs &amp; Processes</Filter>
    </ClInclude>
    <ClInclude Include="Components\FCFSprocessor.h">
      <Filter>CPUs &amp; Processes</Filter>
    </ClInclude>
    <ClInclude Include="Components\RRprocessor.h">
      <Filter>CPUs &amp; Processes</Filter>
    </ClInclude>
    <ClInclude Include="Components\SJFprocessor.h">
      <Filter>CPUs &amp; Processes</Filter>
    </ClInclude>
    <ClInclude Include="Basic\List.h">
      <Filter>Basic ADTs</Filter>
    </ClInclude>
    <ClInclude Include="Basic\Node.h">
      <Filter>Basic ADTs</Filter>
    </ClInclude>
    <ClInclude Include="Basic\PriorityQueue.h">
      <Filter>Basic ADTs</Filter>
    </ClInclude>
    <ClInclude Include="Basic\Queue.h">
      <Filter>Basic ADTs</Filter>
    </ClInclude>
    <ClInclude Include="Basic\stack.h">
      <Filter>Basic ADTs</Filter>
    </ClInclude>
    <ClInclude Include="Components\UI.h">
      <Filter>UI &amp; DEFS</Filter>
    </ClInclude>
    <ClInclude Include="DEFS.h">
      <Filter>UI &amp; DEFS</Filter>
    </ClInclude>
    <ClInclude Include="Scheduler.h">
      <Filter>Scheduler</Filter>
    </ClInclude>
  </ItemGroup>
  <ItemGroup>
    <ClCompile Include="test130323.cpp">
      <Filter>Source Files</Filter>
    </ClCompile>
    <ClCompile Include="snippets.cpp">
      <Filter>Source Files</Filter>
    </ClCompile>
    <ClCompile Include="main.cpp">
      <Filter>Source Files</Filter>
    </ClCompile>
    <ClCompile Include="Basic\List.cpp">
      <Filter>Basic ADTs</Filter>
    </ClCompile>
    <ClCompile Include="Basic\Queue.cpp">
      <Filter>Basic ADTs</Filter>
    </ClCompile>
    <ClCompile Include="Components\FCFSprocessor.cpp">
      <Filter>CPUs &amp; Processes</Filter>
    </ClCompile>
    <ClCompile Include="Components\Process.cpp">
      <Filter>CPUs &amp; Processes</Filter>
    </ClCompile>
    <ClCompile Include="Components\Processor.cpp">
      <Filter>CPUs &amp; Processes</Filter>
    </ClCompile>
    <ClCompile Include="Components\RRprocessor.cpp">
      <Filter>CPUs &amp; Processes</Filter>
    </ClCompile>
    <ClCompile Include="Components\SJFprocessor.cpp">
      <Filter>CPUs &amp; Processes</Filter>
    </ClCompile>
    <ClCompile Include="Components\UI.cpp">
      <Filter>UI &amp; DEFS</Filter>
    </ClCompile>
    <ClCompile Include="Basic\PriorityQueue.cpp">
      <Filter>Basic ADTs</Filter>
    </ClCompile>
    <ClCompile Include="Scheduler.cpp">
      <Filter>Scheduler</Filter>
    </ClCompile>
  </ItemGroup>
  <ItemGroup>
    <Text Include="SampleInputFile1.txt" />
    <Text Include="sampleOutput1.txt" />
    <Text Include="SampleInputFile2.txt" />
  </ItemGroup>
</Project>